
Microsoft Visual Studio Solution File, Format Version 12.00
# Visual Studio Version 17
VisualStudioVersion = 17.4.33213.308
MinimumVisualStudioVersion = 10.0.40219.1
Project("{9A19103F-16F7-4668-BE54-9A1E7A4F7556}") = "LCPLibrary", "LCPLibrary\LCPLibrary.csproj", "{BF6A6B28-58D4-42C5-A7AB-55A3C8E8B365}"
EndProject
Project("{FAE04EC0-301F-11D3-BF4B-00C04F79EFBC}") = "Client", "Client\Client.csproj", "{7EE21257-9F16-4032-816E-7EAB13332FAB}"
EndProject
Project("{FAE04EC0-301F-11D3-BF4B-00C04F79EFBC}") = "Admin", "Admin\Admin.csproj", "{4E13861C-4F6F-44C7-821C-CC404AB4CD92}"
EndProject
Global
	GlobalSection(SolutionConfigurationPlatforms) = preSolution
		Debug|Any CPU = Debug|Any CPU
		Release|Any CPU = Release|Any CPU
	EndGlobalSection
	GlobalSection(ProjectConfigurationPlatforms) = postSolution
		{BF6A6B28-58D4-42C5-A7AB-55A3C8E8B365}.Debug|Any CPU.ActiveCfg = Debug|Any CPU
		{BF6A6B28-58D4-42C5-A7AB-55A3C8E8B365}.Debug|Any CPU.Build.0 = Debug|Any CPU
		{BF6A6B28-58D4-42C5-A7AB-55A3C8E8B365}.Release|Any CPU.ActiveCfg = Release|Any CPU
		{BF6A6B28-58D4-42C5-A7AB-55A3C8E8B365}.Release|Any CPU.Build.0 = Release|Any CPU
		{7EE21257-9F16-4032-816E-7EAB13332FAB}.Debug|Any CPU.ActiveCfg = Debug|Any CPU
		{7EE21257-9F16-4032-816E-7EAB13332FAB}.Debug|Any CPU.Build.0 = Debug|Any CPU
		{7EE21257-9F16-4032-816E-7EAB13332FAB}.Release|Any CPU.ActiveCfg = Release|Any CPU
		{7EE21257-9F16-4032-816E-7EAB13332FAB}.Release|Any CPU.Build.0 = Release|Any CPU
		{4E13861C-4F6F-44C7-821C-CC404AB4CD92}.Debug|Any CPU.ActiveCfg = Debug|Any CPU
		{4E13861C-4F6F-44C7-821C-CC404AB4CD92}.Debug|Any CPU.Build.0 = Debug|Any CPU
		{4E13861C-4F6F-44C7-821C-CC404AB4CD92}.Release|Any CPU.ActiveCfg = Release|Any CPU
		{4E13861C-4F6F-44C7-821C-CC404AB4CD92}.Release|Any CPU.Build.0 = Release|Any CPU
	EndGlobalSection
	GlobalSection(SolutionProperties) = preSolution
		HideSolutionNode = FALSE
	EndGlobalSection
	GlobalSection(ExtensibilityGlobals) = postSolution
		SolutionGuid = {C6CB40CE-F9FD-4E33-9E42-F2F8621D881E}
	EndGlobalSection
EndGlobal
